// !$*UTF8*$!
{
	archiveVersion = 1;
	classes = {
	};
	objectVersion = 50;
	objects = {

/* Begin PBXBuildFile section */
		A97FB813231ABEFF00847EE2 /* AppDelegate.swift in Sources */ = {isa = PBXBuildFile; fileRef = A97FB812231ABEFF00847EE2 /* AppDelegate.swift */; };
		A97FB815231ABEFF00847EE2 /* MasterViewController.swift in Sources */ = {isa = PBXBuildFile; fileRef = A97FB814231ABEFF00847EE2 /* MasterViewController.swift */; };
		A97FB818231ABEFF00847EE2 /* Main.storyboard in Resources */ = {isa = PBXBuildFile; fileRef = A97FB816231ABEFF00847EE2 /* Main.storyboard */; };
		A97FB81A231ABF0300847EE2 /* Assets.xcassets in Resources */ = {isa = PBXBuildFile; fileRef = A97FB819231ABF0300847EE2 /* Assets.xcassets */; };
		A97FB81D231ABF0300847EE2 /* LaunchScreen.storyboard in Resources */ = {isa = PBXBuildFile; fileRef = A97FB81B231ABF0300847EE2 /* LaunchScreen.storyboard */; };
		A97FB825231AC12B00847EE2 /* DetailViewController.swift in Sources */ = {isa = PBXBuildFile; fileRef = A97FB824231AC12B00847EE2 /* DetailViewController.swift */; };
		A97FB829231ACE3700847EE2 /* Post.swift in Sources */ = {isa = PBXBuildFile; fileRef = A97FB828231ACE3700847EE2 /* Post.swift */; };
		A97FB82B231ACF5C00847EE2 /* ListingData.swift in Sources */ = {isa = PBXBuildFile; fileRef = A97FB82A231ACF5C00847EE2 /* ListingData.swift */; };
		A97FB82D231ACFCE00847EE2 /* ResponseModel.swift in Sources */ = {isa = PBXBuildFile; fileRef = A97FB82C231ACFCE00847EE2 /* ResponseModel.swift */; };
		A97FB830231AD02C00847EE2 /* RedditAPI.swift in Sources */ = {isa = PBXBuildFile; fileRef = A97FB82F231AD02C00847EE2 /* RedditAPI.swift */; };
		A97FB832231AD06300847EE2 /* Networking.swift in Sources */ = {isa = PBXBuildFile; fileRef = A97FB831231AD06300847EE2 /* Networking.swift */; };
		A97FB834231AD0DD00847EE2 /* API.swift in Sources */ = {isa = PBXBuildFile; fileRef = A97FB833231AD0DD00847EE2 /* API.swift */; };
		A97FB837231ADBE000847EE2 /* RedditClientManager.swift in Sources */ = {isa = PBXBuildFile; fileRef = A97FB836231ADBE000847EE2 /* RedditClientManager.swift */; };
		A97FB839231AE4C700847EE2 /* PostData.swift in Sources */ = {isa = PBXBuildFile; fileRef = A97FB838231AE4C700847EE2 /* PostData.swift */; };
		A97FB85C231C3CF100847EE2 /* UIViewController+SimpleAlert.swift in Sources */ = {isa = PBXBuildFile; fileRef = A97FB85B231C3CF100847EE2 /* UIViewController+SimpleAlert.swift */; };
		A97FB85F231C3DCF00847EE2 /* PostCell.swift in Sources */ = {isa = PBXBuildFile; fileRef = A97FB85E231C3DCF00847EE2 /* PostCell.swift */; };
		A97FB862231C4CCC00847EE2 /* Persistence.swift in Sources */ = {isa = PBXBuildFile; fileRef = A97FB861231C4CCC00847EE2 /* Persistence.swift */; };
/* End PBXBuildFile section */

/* Begin PBXFileReference section */
		A97FB80F231ABEFF00847EE2 /* RedditClient.app */ = {isa = PBXFileReference; explicitFileType = wrapper.application; includeInIndex = 0; path = RedditClient.app; sourceTree = BUILT_PRODUCTS_DIR; };
		A97FB812231ABEFF00847EE2 /* AppDelegate.swift */ = {isa = PBXFileReference; lastKnownFileType = sourcecode.swift; path = AppDelegate.swift; sourceTree = "<group>"; };
		A97FB814231ABEFF00847EE2 /* MasterViewController.swift */ = {isa = PBXFileReference; lastKnownFileType = sourcecode.swift; path = MasterViewController.swift; sourceTree = "<group>"; };
		A97FB817231ABEFF00847EE2 /* Base */ = {isa = PBXFileReference; lastKnownFileType = file.storyboard; name = Base; path = Base.lproj/Main.storyboard; sourceTree = "<group>"; };
		A97FB819231ABF0300847EE2 /* Assets.xcassets */ = {isa = PBXFileReference; lastKnownFileType = folder.assetcatalog; path = Assets.xcassets; sourceTree = "<group>"; };
		A97FB81C231ABF0300847EE2 /* Base */ = {isa = PBXFileReference; lastKnownFileType = file.storyboard; name = Base; path = Base.lproj/LaunchScreen.storyboard; sourceTree = "<group>"; };
		A97FB81E231ABF0300847EE2 /* Info.plist */ = {isa = PBXFileReference; lastKnownFileType = text.plist.xml; path = Info.plist; sourceTree = "<group>"; };
		A97FB824231AC12B00847EE2 /* DetailViewController.swift */ = {isa = PBXFileReference; lastKnownFileType = sourcecode.swift; path = DetailViewController.swift; sourceTree = "<group>"; };
		A97FB828231ACE3700847EE2 /* Post.swift */ = {isa = PBXFileReference; lastKnownFileType = sourcecode.swift; path = Post.swift; sourceTree = "<group>"; };
		A97FB82A231ACF5C00847EE2 /* ListingData.swift */ = {isa = PBXFileReference; lastKnownFileType = sourcecode.swift; path = ListingData.swift; sourceTree = "<group>"; };
		A97FB82C231ACFCE00847EE2 /* ResponseModel.swift */ = {isa = PBXFileReference; lastKnownFileType = sourcecode.swift; path = ResponseModel.swift; sourceTree = "<group>"; };
		A97FB82F231AD02C00847EE2 /* RedditAPI.swift */ = {isa = PBXFileReference; lastKnownFileType = sourcecode.swift; path = RedditAPI.swift; sourceTree = "<group>"; };
		A97FB831231AD06300847EE2 /* Networking.swift */ = {isa = PBXFileReference; lastKnownFileType = sourcecode.swift; path = Networking.swift; sourceTree = "<group>"; };
		A97FB833231AD0DD00847EE2 /* API.swift */ = {isa = PBXFileReference; lastKnownFileType = sourcecode.swift; path = API.swift; sourceTree = "<group>"; };
		A97FB836231ADBE000847EE2 /* RedditClientManager.swift */ = {isa = PBXFileReference; lastKnownFileType = sourcecode.swift; path = RedditClientManager.swift; sourceTree = "<group>"; };
		A97FB838231AE4C700847EE2 /* PostData.swift */ = {isa = PBXFileReference; lastKnownFileType = sourcecode.swift; path = PostData.swift; sourceTree = "<group>"; };
		A97FB85B231C3CF100847EE2 /* UIViewController+SimpleAlert.swift */ = {isa = PBXFileReference; lastKnownFileType = sourcecode.swift; path = "UIViewController+SimpleAlert.swift"; sourceTree = "<group>"; };
		A97FB85E231C3DCF00847EE2 /* PostCell.swift */ = {isa = PBXFileReference; lastKnownFileType = sourcecode.swift; path = PostCell.swift; sourceTree = "<group>"; };
		A97FB861231C4CCC00847EE2 /* Persistence.swift */ = {isa = PBXFileReference; lastKnownFileType = sourcecode.swift; path = Persistence.swift; sourceTree = "<group>"; };
/* End PBXFileReference section */

/* Begin PBXFrameworksBuildPhase section */
		A97FB80C231ABEFF00847EE2 /* Frameworks */ = {
			isa = PBXFrameworksBuildPhase;
			buildActionMask = 2147483647;
			files = (
			);
			runOnlyForDeploymentPostprocessing = 0;
		};
/* End PBXFrameworksBuildPhase section */

/* Begin PBXGroup section */
		A97FB806231ABEFF00847EE2 = {
			isa = PBXGroup;
			children = (
				A97FB811231ABEFF00847EE2 /* RedditClient */,
				A97FB810231ABEFF00847EE2 /* Products */,
			);
			sourceTree = "<group>";
		};
		A97FB810231ABEFF00847EE2 /* Products */ = {
			isa = PBXGroup;
			children = (
				A97FB80F231ABEFF00847EE2 /* RedditClient.app */,
			);
			name = Products;
			sourceTree = "<group>";
		};
		A97FB811231ABEFF00847EE2 /* RedditClient */ = {
			isa = PBXGroup;
			children = (
				A97FB860231C4CB500847EE2 /* persistence */,
				A97FB85A231C3CCA00847EE2 /* utilities */,
				A97FB835231ADB6B00847EE2 /* manager */,
				A97FB82E231AD00500847EE2 /* network */,
				A97FB827231ACE1B00847EE2 /* model */,
				A97FB826231AC14A00847EE2 /* viewControllers */,
				A97FB812231ABEFF00847EE2 /* AppDelegate.swift */,
				A97FB816231ABEFF00847EE2 /* Main.storyboard */,
				A97FB819231ABF0300847EE2 /* Assets.xcassets */,
				A97FB81B231ABF0300847EE2 /* LaunchScreen.storyboard */,
				A97FB81E231ABF0300847EE2 /* Info.plist */,
			);
			path = RedditClient;
			sourceTree = "<group>";
		};
		A97FB826231AC14A00847EE2 /* viewControllers */ = {
			isa = PBXGroup;
			children = (
				A97FB85D231C3DBE00847EE2 /* cells */,
				A97FB814231ABEFF00847EE2 /* MasterViewController.swift */,
				A97FB824231AC12B00847EE2 /* DetailViewController.swift */,
			);
			path = viewControllers;
			sourceTree = "<group>";
		};
		A97FB827231ACE1B00847EE2 /* model */ = {
			isa = PBXGroup;
			children = (
				A97FB828231ACE3700847EE2 /* Post.swift */,
				A97FB82A231ACF5C00847EE2 /* ListingData.swift */,
				A97FB838231AE4C700847EE2 /* PostData.swift */,
				A97FB82C231ACFCE00847EE2 /* ResponseModel.swift */,
			);
			path = model;
			sourceTree = "<group>";
		};
		A97FB82E231AD00500847EE2 /* network */ = {
			isa = PBXGroup;
			children = (
				A97FB82F231AD02C00847EE2 /* RedditAPI.swift */,
				A97FB831231AD06300847EE2 /* Networking.swift */,
				A97FB833231AD0DD00847EE2 /* API.swift */,
			);
			path = network;
			sourceTree = "<group>";
		};
		A97FB835231ADB6B00847EE2 /* manager */ = {
			isa = PBXGroup;
			children = (
				A97FB836231ADBE000847EE2 /* RedditClientManager.swift */,
			);
			path = manager;
			sourceTree = "<group>";
		};
		A97FB85A231C3CCA00847EE2 /* utilities */ = {
			isa = PBXGroup;
			children = (
				A97FB85B231C3CF100847EE2 /* UIViewController+SimpleAlert.swift */,
			);
			path = utilities;
			sourceTree = "<group>";
		};
		A97FB85D231C3DBE00847EE2 /* cells */ = {
			isa = PBXGroup;
			children = (
				A97FB85E231C3DCF00847EE2 /* PostCell.swift */,
			);
			path = cells;
			sourceTree = "<group>";
		};
		A97FB860231C4CB500847EE2 /* persistence */ = {
			isa = PBXGroup;
			children = (
				A97FB861231C4CCC00847EE2 /* Persistence.swift */,
			);
			path = persistence;
			sourceTree = "<group>";
		};
/* End PBXGroup section */

/* Begin PBXNativeTarget section */
		A97FB80E231ABEFF00847EE2 /* RedditClient */ = {
			isa = PBXNativeTarget;
			buildConfigurationList = A97FB821231ABF0300847EE2 /* Build configuration list for PBXNativeTarget "RedditClient" */;
			buildPhases = (
				A97FB80B231ABEFF00847EE2 /* Sources */,
				A97FB80C231ABEFF00847EE2 /* Frameworks */,
				A97FB80D231ABEFF00847EE2 /* Resources */,
			);
			buildRules = (
			);
			dependencies = (
			);
			name = RedditClient;
			productName = RedditClient;
			productReference = A97FB80F231ABEFF00847EE2 /* RedditClient.app */;
			productType = "com.apple.product-type.application";
		};
/* End PBXNativeTarget section */

/* Begin PBXProject section */
		A97FB807231ABEFF00847EE2 /* Project object */ = {
			isa = PBXProject;
			attributes = {
				LastSwiftUpdateCheck = 1020;
				LastUpgradeCheck = 1020;
				ORGANIZATIONNAME = "German Buela";
				TargetAttributes = {
					A97FB80E231ABEFF00847EE2 = {
						CreatedOnToolsVersion = 10.2.1;
					};
				};
			};
			buildConfigurationList = A97FB80A231ABEFF00847EE2 /* Build configuration list for PBXProject "RedditClient" */;
			compatibilityVersion = "Xcode 9.3";
			developmentRegion = en;
			hasScannedForEncodings = 0;
			knownRegions = (
				en,
				Base,
			);
			mainGroup = A97FB806231ABEFF00847EE2;
			productRefGroup = A97FB810231ABEFF00847EE2 /* Products */;
			projectDirPath = "";
			projectRoot = "";
			targets = (
				A97FB80E231ABEFF00847EE2 /* RedditClient */,
			);
		};
/* End PBXProject section */

/* Begin PBXResourcesBuildPhase section */
		A97FB80D231ABEFF00847EE2 /* Resources */ = {
			isa = PBXResourcesBuildPhase;
			buildActionMask = 2147483647;
			files = (
				A97FB81D231ABF0300847EE2 /* LaunchScreen.storyboard in Resources */,
				A97FB81A231ABF0300847EE2 /* Assets.xcassets in Resources */,
				A97FB818231ABEFF00847EE2 /* Main.storyboard in Resources */,
			);
			runOnlyForDeploymentPostprocessing = 0;
		};
/* End PBXResourcesBuildPhase section */

/* Begin PBXSourcesBuildPhase section */
		A97FB80B231ABEFF00847EE2 /* Sources */ = {
			isa = PBXSourcesBuildPhase;
			buildActionMask = 2147483647;
			files = (
				A97FB825231AC12B00847EE2 /* DetailViewController.swift in Sources */,
				A97FB815231ABEFF00847EE2 /* MasterViewController.swift in Sources */,
				A97FB85F231C3DCF00847EE2 /* PostCell.swift in Sources */,
				A97FB862231C4CCC00847EE2 /* Persistence.swift in Sources */,
				A97FB837231ADBE000847EE2 /* RedditClientManager.swift in Sources */,
				A97FB830231AD02C00847EE2 /* RedditAPI.swift in Sources */,
				A97FB832231AD06300847EE2 /* Networking.swift in Sources */,
				A97FB82B231ACF5C00847EE2 /* ListingData.swift in Sources */,
				A97FB813231ABEFF00847EE2 /* AppDelegate.swift in Sources */,
				A97FB82D231ACFCE00847EE2 /* ResponseModel.swift in Sources */,
				A97FB834231AD0DD00847EE2 /* API.swift in Sources */,
				A97FB839231AE4C700847EE2 /* PostData.swift in Sources */,
				A97FB829231ACE3700847EE2 /* Post.swift in Sources */,
				A97FB85C231C3CF100847EE2 /* UIViewController+SimpleAlert.swift in Sources */,
			);
			runOnlyForDeploymentPostprocessing = 0;
		};
/* End PBXSourcesBuildPhase section */

/* Begin PBXVariantGroup section */
		A97FB816231ABEFF00847EE2 /* Main.storyboard */ = {
			isa = PBXVariantGroup;
			children = (
				A97FB817231ABEFF00847EE2 /* Base */,
			);
			name = Main.storyboard;
			sourceTree = "<group>";
		};
		A97FB81B231ABF0300847EE2 /* LaunchScreen.storyboard */ = {
			isa = PBXVariantGroup;
			children = (
				A97FB81C231ABF0300847EE2 /* Base */,
			);
			name = LaunchScreen.storyboard;
			sourceTree = "<group>";
		};
/* End PBXVariantGroup section */

/* Begin XCBuildConfiguration section */
		A97FB81F231ABF0300847EE2 /* Debug */ = {
			isa = XCBuildConfiguration;
			buildSettings = {
				ALWAYS_SEARCH_USER_PATHS = NO;
				CLANG_ANALYZER_NONNULL = YES;
				CLANG_ANALYZER_NUMBER_OBJECT_CONVERSION = YES_AGGRESSIVE;
				CLANG_CXX_LANGUAGE_STANDARD = "gnu++14";
				CLANG_CXX_LIBRARY = "libc++";
				CLANG_ENABLE_MODULES = YES;
				CLANG_ENABLE_OBJC_ARC = YES;
				CLANG_ENABLE_OBJC_WEAK = YES;
				CLANG_WARN_BLOCK_CAPTURE_AUTORELEASING = YES;
				CLANG_WARN_BOOL_CONVERSION = YES;
				CLANG_WARN_COMMA = YES;
				CLANG_WARN_CONSTANT_CONVERSION = YES;
				CLANG_WARN_DEPRECATED_OBJC_IMPLEMENTATIONS = YES;
				CLANG_WARN_DIRECT_OBJC_ISA_USAGE = YES_ERROR;
				CLANG_WARN_DOCUMENTATION_COMMENTS = YES;
				CLANG_WARN_EMPTY_BODY = YES;
				CLANG_WARN_ENUM_CONVERSION = YES;
				CLANG_WARN_INFINITE_RECURSION = YES;
				CLANG_WARN_INT_CONVERSION = YES;
				CLANG_WARN_NON_LITERAL_NULL_CONVERSION = YES;
				CLANG_WARN_OBJC_IMPLICIT_RETAIN_SELF = YES;
				CLANG_WARN_OBJC_LITERAL_CONVERSION = YES;
				CLANG_WARN_OBJC_ROOT_CLASS = YES_ERROR;
				CLANG_WARN_RANGE_LOOP_ANALYSIS = YES;
				CLANG_WARN_STRICT_PROTOTYPES = YES;
				CLANG_WARN_SUSPICIOUS_MOVE = YES;
				CLANG_WARN_UNGUARDED_AVAILABILITY = YES_AGGRESSIVE;
				CLANG_WARN_UNREACHABLE_CODE = YES;
				CLANG_WARN__DUPLICATE_METHOD_MATCH = YES;
				CODE_SIGN_IDENTITY = "iPhone Developer";
				COPY_PHASE_STRIP = NO;
				DEBUG_INFORMATION_FORMAT = dwarf;
				ENABLE_STRICT_OBJC_MSGSEND = YES;
				ENABLE_TESTABILITY = YES;
				GCC_C_LANGUAGE_STANDARD = gnu11;
				GCC_DYNAMIC_NO_PIC = NO;
				GCC_NO_COMMON_BLOCKS = YES;
				GCC_OPTIMIZATION_LEVEL = 0;
				GCC_PREPROCESSOR_DEFINITIONS = (
					"DEBUG=1",
					"$(inherited)",
				);
				GCC_WARN_64_TO_32_BIT_CONVERSION = YES;
				GCC_WARN_ABOUT_RETURN_TYPE = YES_ERROR;
				GCC_WARN_UNDECLARED_SELECTOR = YES;
				GCC_WARN_UNINITIALIZED_AUTOS = YES_AGGRESSIVE;
				GCC_WARN_UNUSED_FUNCTION = YES;
				GCC_WARN_UNUSED_VARIABLE = YES;
				IPHONEOS_DEPLOYMENT_TARGET = 12.2;
				MTL_ENABLE_DEBUG_INFO = INCLUDE_SOURCE;
				MTL_FAST_MATH = YES;
				ONLY_ACTIVE_ARCH = YES;
				SDKROOT = iphoneos;
				SWIFT_ACTIVE_COMPILATION_CONDITIONS = DEBUG;
				SWIFT_OPTIMIZATION_LEVEL = "-Onone";
			};
			name = Debug;
		};
		A97FB820231ABF0300847EE2 /* Release */ = {
			isa = XCBuildConfiguration;
			buildSettings = {
				ALWAYS_SEARCH_USER_PATHS = NO;
				CLANG_ANALYZER_NONNULL = YES;
				CLANG_ANALYZER_NUMBER_OBJECT_CONVERSION = YES_AGGRESSIVE;
				CLANG_CXX_LANGUAGE_STANDARD = "gnu++14";
				CLANG_CXX_LIBRARY = "libc++";
				CLANG_ENABLE_MODULES = YES;
				CLANG_ENABLE_OBJC_ARC = YES;
				CLANG_ENABLE_OBJC_WEAK = YES;
				CLANG_WARN_BLOCK_CAPTURE_AUTORELEASING = YES;
				CLANG_WARN_BOOL_CONVERSION = YES;
				CLANG_WARN_COMMA = YES;
				CLANG_WARN_CONSTANT_CONVERSION = YES;
				CLANG_WARN_DEPRECATED_OBJC_IMPLEMENTATIONS = YES;
				CLANG_WARN_DIRECT_OBJC_ISA_USAGE = YES_ERROR;
				CLANG_WARN_DOCUMENTATION_COMMENTS = YES;
				CLANG_WARN_EMPTY_BODY = YES;
				CLANG_WARN_ENUM_CONVERSION = YES;
				CLANG_WARN_INFINITE_RECURSION = YES;
				CLANG_WARN_INT_CONVERSION = YES;
				CLANG_WARN_NON_LITERAL_NULL_CONVERSION = YES;
				CLANG_WARN_OBJC_IMPLICIT_RETAIN_SELF = YES;
				CLANG_WARN_OBJC_LITERAL_CONVERSION = YES;
				CLANG_WARN_OBJC_ROOT_CLASS = YES_ERROR;
				CLANG_WARN_RANGE_LOOP_ANALYSIS = YES;
				CLANG_WARN_STRICT_PROTOTYPES = YES;
				CLANG_WARN_SUSPICIOUS_MOVE = YES;
				CLANG_WARN_UNGUARDED_AVAILABILITY = YES_AGGRESSIVE;
				CLANG_WARN_UNREACHABLE_CODE = YES;
				CLANG_WARN__DUPLICATE_METHOD_MATCH = YES;
				CODE_SIGN_IDENTITY = "iPhone Developer";
				COPY_PHASE_STRIP = NO;
				DEBUG_INFORMATION_FORMAT = "dwarf-with-dsym";
				ENABLE_NS_ASSERTIONS = NO;
				ENABLE_STRICT_OBJC_MSGSEND = YES;
				GCC_C_LANGUAGE_STANDARD = gnu11;
				GCC_NO_COMMON_BLOCKS = YES;
				GCC_WARN_64_TO_32_BIT_CONVERSION = YES;
				GCC_WARN_ABOUT_RETURN_TYPE = YES_ERROR;
				GCC_WARN_UNDECLARED_SELECTOR = YES;
				GCC_WARN_UNINITIALIZED_AUTOS = YES_AGGRESSIVE;
				GCC_WARN_UNUSED_FUNCTION = YES;
				GCC_WARN_UNUSED_VARIABLE = YES;
				IPHONEOS_DEPLOYMENT_TARGET = 12.2;
				MTL_ENABLE_DEBUG_INFO = NO;
				MTL_FAST_MATH = YES;
				SDKROOT = iphoneos;
				SWIFT_COMPILATION_MODE = wholemodule;
				SWIFT_OPTIMIZATION_LEVEL = "-O";
				VALIDATE_PRODUCT = YES;
			};
			name = Release;
		};
		A97FB822231ABF0300847EE2 /* Debug */ = {
			isa = XCBuildConfiguration;
			buildSettings = {
				ASSETCATALOG_COMPILER_APPICON_NAME = AppIcon;
				CODE_SIGN_STYLE = Automatic;
				INFOPLIST_FILE = RedditClient/Info.plist;
				LD_RUNPATH_SEARCH_PATHS = (
					"$(inherited)",
					"@executable_path/Frameworks",
				);
				PRODUCT_BUNDLE_IDENTIFIER = com.gbuela.RedditClient;
				PRODUCT_NAME = "$(TARGET_NAME)";
				SWIFT_VERSION = 5.0;
				TARGETED_DEVICE_FAMILY = "1,2";
			};
			name = Debug;
		};
		A97FB823231ABF0300847EE2 /* Release */ = {
			isa = XCBuildConfiguration;
			buildSettings = {
				ASSETCATALOG_COMPILER_APPICON_NAME = AppIcon;
				CODE_SIGN_STYLE = Automatic;
				INFOPLIST_FILE = RedditClient/Info.plist;
				LD_RUNPATH_SEARCH_PATHS = (
					"$(inherited)",
					"@executable_path/Frameworks",
				);
				PRODUCT_BUNDLE_IDENTIFIER = com.gbuela.RedditClient;
				PRODUCT_NAME = "$(TARGET_NAME)";
				SWIFT_VERSION = 5.0;
				TARGETED_DEVICE_FAMILY = "1,2";
			};
			name = Release;
		};
/* End XCBuildConfiguration section */

/* Begin XCConfigurationList section */
		A97FB80A231ABEFF00847EE2 /* Build configuration list for PBXProject "RedditClient" */ = {
			isa = XCConfigurationList;
			buildConfigurations = (
				A97FB81F231ABF0300847EE2 /* Debug */,
				A97FB820231ABF0300847EE2 /* Release */,
			);
			defaultConfigurationIsVisible = 0;
			defaultConfigurationName = Release;
		};
		A97FB821231ABF0300847EE2 /* Build configuration list for PBXNativeTarget "RedditClient" */ = {
			isa = XCConfigurationList;
			buildConfigurations = (
				A97FB822231ABF0300847EE2 /* Debug */,
				A97FB823231ABF0300847EE2 /* Release */,
			);
			defaultConfigurationIsVisible = 0;
			defaultConfigurationName = Release;
		};
/* End XCConfigurationList section */
	};
	rootObject = A97FB807231ABEFF00847EE2 /* Project object */;
}
